
Microsoft Visual Studio Solution File, Format Version 12.00
# Visual Studio Version 17
VisualStudioVersion = 17.11.35431.28
MinimumVisualStudioVersion = 10.0.40219.1
Project("{FAE04EC0-301F-11D3-BF4B-00C04F79EFBC}") = "AppModel", "AppModel\AppModel.csproj", "{89B49307-BA1D-4E38-AB44-2591EF043F47}"
EndProject
Project("{FAE04EC0-301F-11D3-BF4B-00C04F79EFBC}") = "AppView", "AppView\AppView.csproj", "{D511F0C8-3930-499B-ABA4-F521B9531D95}"
EndProject
Project("{FAE04EC0-301F-11D3-BF4B-00C04F79EFBC}") = "AppApi", "AppAPI\AppApi.csproj", "{4128CBB4-D35D-4E94-A31D-A31F64819E8B}"
EndProject
Global
	GlobalSection(SolutionConfigurationPlatforms) = preSolution
		Debug|Any CPU = Debug|Any CPU
		Release|Any CPU = Release|Any CPU
	EndGlobalSection
	GlobalSection(ProjectConfigurationPlatforms) = postSolution
		{89B49307-BA1D-4E38-AB44-2591EF043F47}.Debug|Any CPU.ActiveCfg = Debug|Any CPU
		{89B49307-BA1D-4E38-AB44-2591EF043F47}.Debug|Any CPU.Build.0 = Debug|Any CPU
		{89B49307-BA1D-4E38-AB44-2591EF043F47}.Release|Any CPU.ActiveCfg = Release|Any CPU
		{89B49307-BA1D-4E38-AB44-2591EF043F47}.Release|Any CPU.Build.0 = Release|Any CPU
		{D511F0C8-3930-499B-ABA4-F521B9531D95}.Debug|Any CPU.ActiveCfg = Debug|Any CPU
		{D511F0C8-3930-499B-ABA4-F521B9531D95}.Debug|Any CPU.Build.0 = Debug|Any CPU
		{D511F0C8-3930-499B-ABA4-F521B9531D95}.Release|Any CPU.ActiveCfg = Release|Any CPU
		{D511F0C8-3930-499B-ABA4-F521B9531D95}.Release|Any CPU.Build.0 = Release|Any CPU
		{4128CBB4-D35D-4E94-A31D-A31F64819E8B}.Debug|Any CPU.ActiveCfg = Debug|Any CPU
		{4128CBB4-D35D-4E94-A31D-A31F64819E8B}.Debug|Any CPU.Build.0 = Debug|Any CPU
		{4128CBB4-D35D-4E94-A31D-A31F64819E8B}.Release|Any CPU.ActiveCfg = Release|Any CPU
		{4128CBB4-D35D-4E94-A31D-A31F64819E8B}.Release|Any CPU.Build.0 = Release|Any CPU
	EndGlobalSection
	GlobalSection(SolutionProperties) = preSolution
		HideSolutionNode = FALSE
	EndGlobalSection
	GlobalSection(ExtensibilityGlobals) = postSolution
		SolutionGuid = {5AAEBC10-8460-4996-918B-80323FE0A696}
	EndGlobalSection
EndGlobal
